
Microsoft Visual Studio Solution File, Format Version 12.00
# Visual Studio 15
VisualStudioVersion = 15.0.27703.2026
MinimumVisualStudioVersion = 10.0.40219.1
Project("{FAE04EC0-301F-11D3-BF4B-00C04F79EFBC}") = "MiniTrading", "MiniTrading\MiniTrading.csproj", "{E159C6FE-EB6A-4C4B-8B96-C3521979B824}"
EndProject
Project("{FAE04EC0-301F-11D3-BF4B-00C04F79EFBC}") = "Common", "Common\Common.csproj", "{99876E99-B70A-4983-B341-8E4BF3F6A3E3}"
EndProject
Global
	GlobalSection(SolutionConfigurationPlatforms) = preSolution
		Debug|Any CPU = Debug|Any CPU
		Release|Any CPU = Release|Any CPU
	EndGlobalSection
	GlobalSection(ProjectConfigurationPlatforms) = postSolution
		{E159C6FE-EB6A-4C4B-8B96-C3521979B824}.Debug|Any CPU.ActiveCfg = Debug|Any CPU
		{E159C6FE-EB6A-4C4B-8B96-C3521979B824}.Debug|Any CPU.Build.0 = Debug|Any CPU
		{E159C6FE-EB6A-4C4B-8B96-C3521979B824}.Release|Any CPU.ActiveCfg = Release|Any CPU
		{E159C6FE-EB6A-4C4B-8B96-C3521979B824}.Release|Any CPU.Build.0 = Release|Any CPU
		{99876E99-B70A-4983-B341-8E4BF3F6A3E3}.Debug|Any CPU.ActiveCfg = Debug|Any CPU
		{99876E99-B70A-4983-B341-8E4BF3F6A3E3}.Debug|Any CPU.Build.0 = Debug|Any CPU
		{99876E99-B70A-4983-B341-8E4BF3F6A3E3}.Release|Any CPU.ActiveCfg = Release|Any CPU
		{99876E99-B70A-4983-B341-8E4BF3F6A3E3}.Release|Any CPU.Build.0 = Release|Any CPU
	EndGlobalSection
	GlobalSection(SolutionProperties) = preSolution
		HideSolutionNode = FALSE
	EndGlobalSection
	GlobalSection(ExtensibilityGlobals) = postSolution
		SolutionGuid = {C3BA52A9-D746-4938-AF59-0F040EF28520}
	EndGlobalSection
EndGlobal
